
Microsoft Visual Studio Solution File, Format Version 12.00
# Visual Studio Version 17
VisualStudioVersion = 17.5.33516.290
MinimumVisualStudioVersion = 10.0.40219.1
Project("{FAE04EC0-301F-11D3-BF4B-00C04F79EFBC}") = "PHANHE_1", "PHANHE_1\PHANHE_1.csproj", "{459FAF66-97B9-464C-A8A6-9FE9E88787D2}"
EndProject
Global
	GlobalSection(SolutionConfigurationPlatforms) = preSolution
		Debug|Any CPU = Debug|Any CPU
		Release|Any CPU = Release|Any CPU
	EndGlobalSection
	GlobalSection(ProjectConfigurationPlatforms) = postSolution
		{459FAF66-97B9-464C-A8A6-9FE9E88787D2}.Debug|Any CPU.ActiveCfg = Debug|Any CPU
		{459FAF66-97B9-464C-A8A6-9FE9E88787D2}.Debug|Any CPU.Build.0 = Debug|Any CPU
		{459FAF66-97B9-464C-A8A6-9FE9E88787D2}.Release|Any CPU.ActiveCfg = Release|Any CPU
		{459FAF66-97B9-464C-A8A6-9FE9E88787D2}.Release|Any CPU.Build.0 = Release|Any CPU
	EndGlobalSection
	GlobalSection(SolutionProperties) = preSolution
		HideSolutionNode = FALSE
	EndGlobalSection
	GlobalSection(ExtensibilityGlobals) = postSolution
		SolutionGuid = {7DD92F8B-1523-4891-8E69-27A65DC149E5}
	EndGlobalSection
EndGlobal
